
Microsoft Visual Studio Solution File, Format Version 12.00
# Visual Studio Version 17
VisualStudioVersion = 17.8.34511.84
MinimumVisualStudioVersion = 10.0.40219.1
Project("{FAE04EC0-301F-11D3-BF4B-00C04F79EFBC}") = "Lab0", "Lab0\Lab0.csproj", "{62E8E0BB-0932-4E49-8C8F-90CDCEC718CD}"
EndProject
Project("{FAE04EC0-301F-11D3-BF4B-00C04F79EFBC}") = "Lab1-Classes", "Lab1\Lab1-Classes.csproj", "{F25C4B36-90FB-4DBF-ABDB-920DEC68F5DA}"
EndProject
Project("{FAE04EC0-301F-11D3-BF4B-00C04F79EFBC}") = "Exercises", "Class Exercises\Exercises\Exercises.csproj", "{11EC3B1D-F39C-49A7-9918-A29A3A9AE3EA}"
EndProject
Project("{2150E333-8FDC-42A3-9474-1A3956D46DE8}") = "Class Exercises", "Class Exercises", "{3E175BBE-BE0C-4A80-8EC3-7092CC469D3F}"
EndProject
Project("{FAE04EC0-301F-11D3-BF4B-00C04F79EFBC}") = "ConsoleApp25", "Class Exercises\ConsoleApp25\ConsoleApp25.csproj", "{9CE015D9-641B-4612-92A4-5054F083BEB6}"
EndProject
Project("{FAE04EC0-301F-11D3-BF4B-00C04F79EFBC}") = "Demo1_Module1_Classes", "Class Exercises\Demo1_Module1_Classes\Demo1_Module1_Classes.csproj", "{1928F4B8-68ED-4B1B-9981-2647AB2A8AA9}"
EndProject
Project("{FAE04EC0-301F-11D3-BF4B-00C04F79EFBC}") = "Exercises_0527", "Class Exercises\Exercises_0527\Exercises_0527.csproj", "{A89E756D-52E8-4BF2-8763-4712C8B440DE}"
EndProject
Project("{FAE04EC0-301F-11D3-BF4B-00C04F79EFBC}") = "Exercise_0527b", "Class Exercises\Exercise_0527b\Exercise_0527b.csproj", "{1EEA3585-B9E4-4151-B4B4-6ECBDE285D7D}"
EndProject
Project("{FAE04EC0-301F-11D3-BF4B-00C04F79EFBC}") = "Lab2-Inheritance", "Lab2\Lab2-Inheritance.csproj", "{8125419A-4429-451E-B03B-1D3D2FCD1A3D}"
EndProject
Project("{FAE04EC0-301F-11D3-BF4B-00C04F79EFBC}") = "Assignment1", "Assignment1\Assignment1.csproj", "{2570FA48-1B57-4598-8A52-B3381E6455A3}"
EndProject
Project("{FAE04EC0-301F-11D3-BF4B-00C04F79EFBC}") = "ShapesExercise_0603", "Class Exercises\ShapesExercise_0603\ShapesExercise_0603.csproj", "{A1E6C481-26D9-4955-8336-CFE7C0CECFE4}"
EndProject
Project("{FAE04EC0-301F-11D3-BF4B-00C04F79EFBC}") = "SpaceStation", "Class Exercises\SpaceStation\SpaceStation.csproj", "{9AAA38C4-7F53-4690-B278-1D56F97B6146}"
EndProject
Project("{FAE04EC0-301F-11D3-BF4B-00C04F79EFBC}") = "Lab3-Step1-Inheritance&AbstractClasses", "Lab3\Lab3\Step1\Lab3-Step1-Inheritance&AbstractClasses.csproj", "{06F286EB-D64F-4028-B2C8-927A2111CA95}"
EndProject
Project("{FAE04EC0-301F-11D3-BF4B-00C04F79EFBC}") = "Lab3-Step2-Inheritance&AbstractClasses", "Lab3\Lab3\Step2\Lab3-Step2-Inheritance&AbstractClasses.csproj", "{1B860141-838B-4A03-A71E-38F98B8E8EB7}"
EndProject
Project("{9A19103F-16F7-4668-BE54-9A1E7A4F7556}") = "Lab4-Maui", "Lab4\Lab4-Maui.csproj", "{75DC8900-CD46-48E4-B8BC-5D4054CD59B7}"
EndProject
Project("{9A19103F-16F7-4668-BE54-9A1E7A4F7556}") = "MauiApp20", "Class Exercises\MauiApp20\MauiApp20.csproj", "{29493D95-6577-426D-B47B-D88EC08AA42A}"
EndProject
Project("{9A19103F-16F7-4668-BE54-9A1E7A4F7556}") = "MauiApp19", "Class Exercises\MauiApp19\MauiApp19.csproj", "{43AE84F0-26C6-4F28-8E7B-B7FEA837E7FD}"
EndProject
Project("{9A19103F-16F7-4668-BE54-9A1E7A4F7556}") = "Lab5-ErrorHandling", "Lab5\Lab5-ErrorHandling.csproj", "{1162451E-0878-4581-94D8-BCFDC5C61B2D}"
EndProject
Project("{9A19103F-16F7-4668-BE54-9A1E7A4F7556}") = "Lab10-Recursives", "Lab10-Recursives\Lab10-Recursives.csproj", "{73E2986E-B328-4334-BE8F-D5276A9CF614}"
EndProject
Project("{FAE04EC0-301F-11D3-BF4B-00C04F79EFBC}") = "Lab6-SerializationRAFv2", "Lab6-SerializationRAFv2\Lab6-SerializationRAFv2.csproj", "{79912CAE-C5FD-4AF9-92DF-1C0DADF2FF3F}"
EndProject
Project("{FAE04EC0-301F-11D3-BF4B-00C04F79EFBC}") = "Lab9", "Lab9\Lab9.csproj", "{30A40CBB-4B45-43B3-9038-419383DF0C96}"
EndProject
Global
	GlobalSection(SolutionConfigurationPlatforms) = preSolution
		Debug|Any CPU = Debug|Any CPU
		Debug|x64 = Debug|x64
		Release|Any CPU = Release|Any CPU
		Release|x64 = Release|x64
	EndGlobalSection
	GlobalSection(ProjectConfigurationPlatforms) = postSolution
		{62E8E0BB-0932-4E49-8C8F-90CDCEC718CD}.Debug|Any CPU.ActiveCfg = Debug|Any CPU
		{62E8E0BB-0932-4E49-8C8F-90CDCEC718CD}.Debug|Any CPU.Build.0 = Debug|Any CPU
		{62E8E0BB-0932-4E49-8C8F-90CDCEC718CD}.Debug|x64.ActiveCfg = Debug|Any CPU
		{62E8E0BB-0932-4E49-8C8F-90CDCEC718CD}.Debug|x64.Build.0 = Debug|Any CPU
		{62E8E0BB-0932-4E49-8C8F-90CDCEC718CD}.Release|Any CPU.ActiveCfg = Release|Any CPU
		{62E8E0BB-0932-4E49-8C8F-90CDCEC718CD}.Release|Any CPU.Build.0 = Release|Any CPU
		{62E8E0BB-0932-4E49-8C8F-90CDCEC718CD}.Release|x64.ActiveCfg = Release|Any CPU
		{62E8E0BB-0932-4E49-8C8F-90CDCEC718CD}.Release|x64.Build.0 = Release|Any CPU
		{F25C4B36-90FB-4DBF-ABDB-920DEC68F5DA}.Debug|Any CPU.ActiveCfg = Debug|Any CPU
		{F25C4B36-90FB-4DBF-ABDB-920DEC68F5DA}.Debug|Any CPU.Build.0 = Debug|Any CPU
		{F25C4B36-90FB-4DBF-ABDB-920DEC68F5DA}.Debug|x64.ActiveCfg = Debug|Any CPU
		{F25C4B36-90FB-4DBF-ABDB-920DEC68F5DA}.Debug|x64.Build.0 = Debug|Any CPU
		{F25C4B36-90FB-4DBF-ABDB-920DEC68F5DA}.Release|Any CPU.ActiveCfg = Release|Any CPU
		{F25C4B36-90FB-4DBF-ABDB-920DEC68F5DA}.Release|Any CPU.Build.0 = Release|Any CPU
		{F25C4B36-90FB-4DBF-ABDB-920DEC68F5DA}.Release|x64.ActiveCfg = Release|Any CPU
		{F25C4B36-90FB-4DBF-ABDB-920DEC68F5DA}.Release|x64.Build.0 = Release|Any CPU
		{11EC3B1D-F39C-49A7-9918-A29A3A9AE3EA}.Debug|Any CPU.ActiveCfg = Debug|Any CPU
		{11EC3B1D-F39C-49A7-9918-A29A3A9AE3EA}.Debug|Any CPU.Build.0 = Debug|Any CPU
		{11EC3B1D-F39C-49A7-9918-A29A3A9AE3EA}.Debug|x64.ActiveCfg = Debug|Any CPU
		{11EC3B1D-F39C-49A7-9918-A29A3A9AE3EA}.Debug|x64.Build.0 = Debug|Any CPU
		{11EC3B1D-F39C-49A7-9918-A29A3A9AE3EA}.Release|Any CPU.ActiveCfg = Release|Any CPU
		{11EC3B1D-F39C-49A7-9918-A29A3A9AE3EA}.Release|Any CPU.Build.0 = Release|Any CPU
		{11EC3B1D-F39C-49A7-9918-A29A3A9AE3EA}.Release|x64.ActiveCfg = Release|Any CPU
		{11EC3B1D-F39C-49A7-9918-A29A3A9AE3EA}.Release|x64.Build.0 = Release|Any CPU
		{9CE015D9-641B-4612-92A4-5054F083BEB6}.Debug|Any CPU.ActiveCfg = Debug|Any CPU
		{9CE015D9-641B-4612-92A4-5054F083BEB6}.Debug|Any CPU.Build.0 = Debug|Any CPU
		{9CE015D9-641B-4612-92A4-5054F083BEB6}.Debug|x64.ActiveCfg = Debug|Any CPU
		{9CE015D9-641B-4612-92A4-5054F083BEB6}.Debug|x64.Build.0 = Debug|Any CPU
		{9CE015D9-641B-4612-92A4-5054F083BEB6}.Release|Any CPU.ActiveCfg = Release|Any CPU
		{9CE015D9-641B-4612-92A4-5054F083BEB6}.Release|Any CPU.Build.0 = Release|Any CPU
		{9CE015D9-641B-4612-92A4-5054F083BEB6}.Release|x64.ActiveCfg = Release|Any CPU
		{9CE015D9-641B-4612-92A4-5054F083BEB6}.Release|x64.Build.0 = Release|Any CPU
		{1928F4B8-68ED-4B1B-9981-2647AB2A8AA9}.Debug|Any CPU.ActiveCfg = Debug|Any CPU
		{1928F4B8-68ED-4B1B-9981-2647AB2A8AA9}.Debug|Any CPU.Build.0 = Debug|Any CPU
		{1928F4B8-68ED-4B1B-9981-2647AB2A8AA9}.Debug|x64.ActiveCfg = Debug|Any CPU
		{1928F4B8-68ED-4B1B-9981-2647AB2A8AA9}.Debug|x64.Build.0 = Debug|Any CPU
		{1928F4B8-68ED-4B1B-9981-2647AB2A8AA9}.Release|Any CPU.ActiveCfg = Release|Any CPU
		{1928F4B8-68ED-4B1B-9981-2647AB2A8AA9}.Release|Any CPU.Build.0 = Release|Any CPU
		{1928F4B8-68ED-4B1B-9981-2647AB2A8AA9}.Release|x64.ActiveCfg = Release|Any CPU
		{1928F4B8-68ED-4B1B-9981-2647AB2A8AA9}.Release|x64.Build.0 = Release|Any CPU
		{A89E756D-52E8-4BF2-8763-4712C8B440DE}.Debug|Any CPU.ActiveCfg = Debug|Any CPU
		{A89E756D-52E8-4BF2-8763-4712C8B440DE}.Debug|Any CPU.Build.0 = Debug|Any CPU
		{A89E756D-52E8-4BF2-8763-4712C8B440DE}.Debug|x64.ActiveCfg = Debug|Any CPU
		{A89E756D-52E8-4BF2-8763-4712C8B440DE}.Debug|x64.Build.0 = Debug|Any CPU
		{A89E756D-52E8-4BF2-8763-4712C8B440DE}.Release|Any CPU.ActiveCfg = Release|Any CPU
		{A89E756D-52E8-4BF2-8763-4712C8B440DE}.Release|Any CPU.Build.0 = Release|Any CPU
		{A89E756D-52E8-4BF2-8763-4712C8B440DE}.Release|x64.ActiveCfg = Release|Any CPU
		{A89E756D-52E8-4BF2-8763-4712C8B440DE}.Release|x64.Build.0 = Release|Any CPU
		{1EEA3585-B9E4-4151-B4B4-6ECBDE285D7D}.Debug|Any CPU.ActiveCfg = Debug|Any CPU
		{1EEA3585-B9E4-4151-B4B4-6ECBDE285D7D}.Debug|Any CPU.Build.0 = Debug|Any CPU
		{1EEA3585-B9E4-4151-B4B4-6ECBDE285D7D}.Debug|x64.ActiveCfg = Debug|Any CPU
		{1EEA3585-B9E4-4151-B4B4-6ECBDE285D7D}.Debug|x64.Build.0 = Debug|Any CPU
		{1EEA3585-B9E4-4151-B4B4-6ECBDE285D7D}.Release|Any CPU.ActiveCfg = Release|Any CPU
		{1EEA3585-B9E4-4151-B4B4-6ECBDE285D7D}.Release|Any CPU.Build.0 = Release|Any CPU
		{1EEA3585-B9E4-4151-B4B4-6ECBDE285D7D}.Release|x64.ActiveCfg = Release|Any CPU
		{1EEA3585-B9E4-4151-B4B4-6ECBDE285D7D}.Release|x64.Build.0 = Release|Any CPU
		{8125419A-4429-451E-B03B-1D3D2FCD1A3D}.Debug|Any CPU.ActiveCfg = Debug|Any CPU
		{8125419A-4429-451E-B03B-1D3D2FCD1A3D}.Debug|Any CPU.Build.0 = Debug|Any CPU
		{8125419A-4429-451E-B03B-1D3D2FCD1A3D}.Debug|x64.ActiveCfg = Debug|Any CPU
		{8125419A-4429-451E-B03B-1D3D2FCD1A3D}.Debug|x64.Build.0 = Debug|Any CPU
		{8125419A-4429-451E-B03B-1D3D2FCD1A3D}.Release|Any CPU.ActiveCfg = Release|Any CPU
		{8125419A-4429-451E-B03B-1D3D2FCD1A3D}.Release|Any CPU.Build.0 = Release|Any CPU
		{8125419A-4429-451E-B03B-1D3D2FCD1A3D}.Release|x64.ActiveCfg = Release|Any CPU
		{8125419A-4429-451E-B03B-1D3D2FCD1A3D}.Release|x64.Build.0 = Release|Any CPU
		{2570FA48-1B57-4598-8A52-B3381E6455A3}.Debug|Any CPU.ActiveCfg = Debug|Any CPU
		{2570FA48-1B57-4598-8A52-B3381E6455A3}.Debug|Any CPU.Build.0 = Debug|Any CPU
		{2570FA48-1B57-4598-8A52-B3381E6455A3}.Debug|x64.ActiveCfg = Debug|Any CPU
		{2570FA48-1B57-4598-8A52-B3381E6455A3}.Debug|x64.Build.0 = Debug|Any CPU
		{2570FA48-1B57-4598-8A52-B3381E6455A3}.Release|Any CPU.ActiveCfg = Release|Any CPU
		{2570FA48-1B57-4598-8A52-B3381E6455A3}.Release|Any CPU.Build.0 = Release|Any CPU
		{2570FA48-1B57-4598-8A52-B3381E6455A3}.Release|x64.ActiveCfg = Release|Any CPU
		{2570FA48-1B57-4598-8A52-B3381E6455A3}.Release|x64.Build.0 = Release|Any CPU
		{A1E6C481-26D9-4955-8336-CFE7C0CECFE4}.Debug|Any CPU.ActiveCfg = Debug|Any CPU
		{A1E6C481-26D9-4955-8336-CFE7C0CECFE4}.Debug|Any CPU.Build.0 = Debug|Any CPU
		{A1E6C481-26D9-4955-8336-CFE7C0CECFE4}.Debug|x64.ActiveCfg = Debug|Any CPU
		{A1E6C481-26D9-4955-8336-CFE7C0CECFE4}.Debug|x64.Build.0 = Debug|Any CPU
		{A1E6C481-26D9-4955-8336-CFE7C0CECFE4}.Release|Any CPU.ActiveCfg = Release|Any CPU
		{A1E6C481-26D9-4955-8336-CFE7C0CECFE4}.Release|Any CPU.Build.0 = Release|Any CPU
		{A1E6C481-26D9-4955-8336-CFE7C0CECFE4}.Release|x64.ActiveCfg = Release|Any CPU
		{A1E6C481-26D9-4955-8336-CFE7C0CECFE4}.Release|x64.Build.0 = Release|Any CPU
		{9AAA38C4-7F53-4690-B278-1D56F97B6146}.Debug|Any CPU.ActiveCfg = Debug|Any CPU
		{9AAA38C4-7F53-4690-B278-1D56F97B6146}.Debug|Any CPU.Build.0 = Debug|Any CPU
		{9AAA38C4-7F53-4690-B278-1D56F97B6146}.Debug|x64.ActiveCfg = Debug|Any CPU
		{9AAA38C4-7F53-4690-B278-1D56F97B6146}.Debug|x64.Build.0 = Debug|Any CPU
		{9AAA38C4-7F53-4690-B278-1D56F97B6146}.Release|Any CPU.ActiveCfg = Release|Any CPU
		{9AAA38C4-7F53-4690-B278-1D56F97B6146}.Release|Any CPU.Build.0 = Release|Any CPU
		{9AAA38C4-7F53-4690-B278-1D56F97B6146}.Release|x64.ActiveCfg = Release|Any CPU
		{9AAA38C4-7F53-4690-B278-1D56F97B6146}.Release|x64.Build.0 = Release|Any CPU
		{06F286EB-D64F-4028-B2C8-927A2111CA95}.Debug|Any CPU.ActiveCfg = Debug|Any CPU
		{06F286EB-D64F-4028-B2C8-927A2111CA95}.Debug|Any CPU.Build.0 = Debug|Any CPU
		{06F286EB-D64F-4028-B2C8-927A2111CA95}.Debug|x64.ActiveCfg = Debug|Any CPU
		{06F286EB-D64F-4028-B2C8-927A2111CA95}.Debug|x64.Build.0 = Debug|Any CPU
		{06F286EB-D64F-4028-B2C8-927A2111CA95}.Release|Any CPU.ActiveCfg = Release|Any CPU
		{06F286EB-D64F-4028-B2C8-927A2111CA95}.Release|Any CPU.Build.0 = Release|Any CPU
		{06F286EB-D64F-4028-B2C8-927A2111CA95}.Release|x64.ActiveCfg = Release|Any CPU
		{06F286EB-D64F-4028-B2C8-927A2111CA95}.Release|x64.Build.0 = Release|Any CPU
		{1B860141-838B-4A03-A71E-38F98B8E8EB7}.Debug|Any CPU.ActiveCfg = Debug|Any CPU
		{1B860141-838B-4A03-A71E-38F98B8E8EB7}.Debug|Any CPU.Build.0 = Debug|Any CPU
		{1B860141-838B-4A03-A71E-38F98B8E8EB7}.Debug|x64.ActiveCfg = Debug|Any CPU
		{1B860141-838B-4A03-A71E-38F98B8E8EB7}.Debug|x64.Build.0 = Debug|Any CPU
		{1B860141-838B-4A03-A71E-38F98B8E8EB7}.Release|Any CPU.ActiveCfg = Release|Any CPU
		{1B860141-838B-4A03-A71E-38F98B8E8EB7}.Release|Any CPU.Build.0 = Release|Any CPU
		{1B860141-838B-4A03-A71E-38F98B8E8EB7}.Release|x64.ActiveCfg = Release|Any CPU
		{1B860141-838B-4A03-A71E-38F98B8E8EB7}.Release|x64.Build.0 = Release|Any CPU
		{75DC8900-CD46-48E4-B8BC-5D4054CD59B7}.Debug|Any CPU.ActiveCfg = Debug|Any CPU
		{75DC8900-CD46-48E4-B8BC-5D4054CD59B7}.Debug|Any CPU.Build.0 = Debug|Any CPU
		{75DC8900-CD46-48E4-B8BC-5D4054CD59B7}.Debug|Any CPU.Deploy.0 = Debug|Any CPU
		{75DC8900-CD46-48E4-B8BC-5D4054CD59B7}.Debug|x64.ActiveCfg = Debug|Any CPU
		{75DC8900-CD46-48E4-B8BC-5D4054CD59B7}.Debug|x64.Build.0 = Debug|Any CPU
		{75DC8900-CD46-48E4-B8BC-5D4054CD59B7}.Debug|x64.Deploy.0 = Debug|Any CPU
		{75DC8900-CD46-48E4-B8BC-5D4054CD59B7}.Release|Any CPU.ActiveCfg = Release|Any CPU
		{75DC8900-CD46-48E4-B8BC-5D4054CD59B7}.Release|Any CPU.Build.0 = Release|Any CPU
		{75DC8900-CD46-48E4-B8BC-5D4054CD59B7}.Release|Any CPU.Deploy.0 = Release|Any CPU
		{75DC8900-CD46-48E4-B8BC-5D4054CD59B7}.Release|x64.ActiveCfg = Release|Any CPU
		{75DC8900-CD46-48E4-B8BC-5D4054CD59B7}.Release|x64.Build.0 = Release|Any CPU
		{75DC8900-CD46-48E4-B8BC-5D4054CD59B7}.Release|x64.Deploy.0 = Release|Any CPU
		{29493D95-6577-426D-B47B-D88EC08AA42A}.Debug|Any CPU.ActiveCfg = Debug|Any CPU
		{29493D95-6577-426D-B47B-D88EC08AA42A}.Debug|Any CPU.Build.0 = Debug|Any CPU
		{29493D95-6577-426D-B47B-D88EC08AA42A}.Debug|Any CPU.Deploy.0 = Debug|Any CPU
		{29493D95-6577-426D-B47B-D88EC08AA42A}.Debug|x64.ActiveCfg = Debug|Any CPU
		{29493D95-6577-426D-B47B-D88EC08AA42A}.Debug|x64.Build.0 = Debug|Any CPU
		{29493D95-6577-426D-B47B-D88EC08AA42A}.Debug|x64.Deploy.0 = Debug|Any CPU
		{29493D95-6577-426D-B47B-D88EC08AA42A}.Release|Any CPU.ActiveCfg = Release|Any CPU
		{29493D95-6577-426D-B47B-D88EC08AA42A}.Release|Any CPU.Build.0 = Release|Any CPU
		{29493D95-6577-426D-B47B-D88EC08AA42A}.Release|x64.ActiveCfg = Release|Any CPU
		{29493D95-6577-426D-B47B-D88EC08AA42A}.Release|x64.Build.0 = Release|Any CPU
		{29493D95-6577-426D-B47B-D88EC08AA42A}.Release|x64.Deploy.0 = Release|Any CPU
		{43AE84F0-26C6-4F28-8E7B-B7FEA837E7FD}.Debug|Any CPU.ActiveCfg = Debug|Any CPU
		{43AE84F0-26C6-4F28-8E7B-B7FEA837E7FD}.Debug|Any CPU.Build.0 = Debug|Any CPU
		{43AE84F0-26C6-4F28-8E7B-B7FEA837E7FD}.Debug|Any CPU.Deploy.0 = Debug|Any CPU
		{43AE84F0-26C6-4F28-8E7B-B7FEA837E7FD}.Debug|x64.ActiveCfg = Debug|Any CPU
		{43AE84F0-26C6-4F28-8E7B-B7FEA837E7FD}.Debug|x64.Build.0 = Debug|Any CPU
		{43AE84F0-26C6-4F28-8E7B-B7FEA837E7FD}.Debug|x64.Deploy.0 = Debug|Any CPU
		{43AE84F0-26C6-4F28-8E7B-B7FEA837E7FD}.Release|Any CPU.ActiveCfg = Release|Any CPU
		{43AE84F0-26C6-4F28-8E7B-B7FEA837E7FD}.Release|Any CPU.Build.0 = Release|Any CPU
		{43AE84F0-26C6-4F28-8E7B-B7FEA837E7FD}.Release|Any CPU.Deploy.0 = Release|Any CPU
		{43AE84F0-26C6-4F28-8E7B-B7FEA837E7FD}.Release|x64.ActiveCfg = Release|Any CPU
		{43AE84F0-26C6-4F28-8E7B-B7FEA837E7FD}.Release|x64.Build.0 = Release|Any CPU
		{43AE84F0-26C6-4F28-8E7B-B7FEA837E7FD}.Release|x64.Deploy.0 = Release|Any CPU
		{1162451E-0878-4581-94D8-BCFDC5C61B2D}.Debug|Any CPU.ActiveCfg = Debug|Any CPU
		{1162451E-0878-4581-94D8-BCFDC5C61B2D}.Debug|Any CPU.Build.0 = Debug|Any CPU
		{1162451E-0878-4581-94D8-BCFDC5C61B2D}.Debug|x64.ActiveCfg = Debug|Any CPU
		{1162451E-0878-4581-94D8-BCFDC5C61B2D}.Debug|x64.Build.0 = Debug|Any CPU
		{1162451E-0878-4581-94D8-BCFDC5C61B2D}.Release|Any CPU.ActiveCfg = Release|Any CPU
		{1162451E-0878-4581-94D8-BCFDC5C61B2D}.Release|Any CPU.Build.0 = Release|Any CPU
		{1162451E-0878-4581-94D8-BCFDC5C61B2D}.Release|x64.ActiveCfg = Release|Any CPU
		{1162451E-0878-4581-94D8-BCFDC5C61B2D}.Release|x64.Build.0 = Release|Any CPU
		{73E2986E-B328-4334-BE8F-D5276A9CF614}.Debug|Any CPU.ActiveCfg = Debug|Any CPU
		{73E2986E-B328-4334-BE8F-D5276A9CF614}.Debug|Any CPU.Build.0 = Debug|Any CPU
		{73E2986E-B328-4334-BE8F-D5276A9CF614}.Debug|x64.ActiveCfg = Debug|Any CPU
		{73E2986E-B328-4334-BE8F-D5276A9CF614}.Debug|x64.Build.0 = Debug|Any CPU
		{73E2986E-B328-4334-BE8F-D5276A9CF614}.Release|Any CPU.ActiveCfg = Release|Any CPU
		{73E2986E-B328-4334-BE8F-D5276A9CF614}.Release|Any CPU.Build.0 = Release|Any CPU
		{73E2986E-B328-4334-BE8F-D5276A9CF614}.Release|x64.ActiveCfg = Release|Any CPU
		{73E2986E-B328-4334-BE8F-D5276A9CF614}.Release|x64.Build.0 = Release|Any CPU
		{79912CAE-C5FD-4AF9-92DF-1C0DADF2FF3F}.Debug|Any CPU.ActiveCfg = Debug|Any CPU
		{79912CAE-C5FD-4AF9-92DF-1C0DADF2FF3F}.Debug|Any CPU.Build.0 = Debug|Any CPU
		{79912CAE-C5FD-4AF9-92DF-1C0DADF2FF3F}.Debug|x64.ActiveCfg = Debug|Any CPU
		{79912CAE-C5FD-4AF9-92DF-1C0DADF2FF3F}.Debug|x64.Build.0 = Debug|Any CPU
		{79912CAE-C5FD-4AF9-92DF-1C0DADF2FF3F}.Release|Any CPU.ActiveCfg = Release|Any CPU
		{79912CAE-C5FD-4AF9-92DF-1C0DADF2FF3F}.Release|Any CPU.Build.0 = Release|Any CPU
		{79912CAE-C5FD-4AF9-92DF-1C0DADF2FF3F}.Release|x64.ActiveCfg = Release|Any CPU
		{79912CAE-C5FD-4AF9-92DF-1C0DADF2FF3F}.Release|x64.Build.0 = Release|Any CPU
		{30A40CBB-4B45-43B3-9038-419383DF0C96}.Debug|Any CPU.ActiveCfg = Debug|Any CPU
		{30A40CBB-4B45-43B3-9038-419383DF0C96}.Debug|Any CPU.Build.0 = Debug|Any CPU
		{30A40CBB-4B45-43B3-9038-419383DF0C96}.Debug|x64.ActiveCfg = Debug|Any CPU
		{30A40CBB-4B45-43B3-9038-419383DF0C96}.Debug|x64.Build.0 = Debug|Any CPU
		{30A40CBB-4B45-43B3-9038-419383DF0C96}.Release|Any CPU.ActiveCfg = Release|Any CPU
		{30A40CBB-4B45-43B3-9038-419383DF0C96}.Release|Any CPU.Build.0 = Release|Any CPU
		{30A40CBB-4B45-43B3-9038-419383DF0C96}.Release|x64.ActiveCfg = Release|Any CPU
		{30A40CBB-4B45-43B3-9038-419383DF0C96}.Release|x64.Build.0 = Release|Any CPU
	EndGlobalSection
	GlobalSection(SolutionProperties) = preSolution
		HideSolutionNode = FALSE
	EndGlobalSection
	GlobalSection(NestedProjects) = preSolution
		{11EC3B1D-F39C-49A7-9918-A29A3A9AE3EA} = {3E175BBE-BE0C-4A80-8EC3-7092CC469D3F}
		{9CE015D9-641B-4612-92A4-5054F083BEB6} = {3E175BBE-BE0C-4A80-8EC3-7092CC469D3F}
		{1928F4B8-68ED-4B1B-9981-2647AB2A8AA9} = {3E175BBE-BE0C-4A80-8EC3-7092CC469D3F}
		{A89E756D-52E8-4BF2-8763-4712C8B440DE} = {3E175BBE-BE0C-4A80-8EC3-7092CC469D3F}
		{1EEA3585-B9E4-4151-B4B4-6ECBDE285D7D} = {3E175BBE-BE0C-4A80-8EC3-7092CC469D3F}
		{A1E6C481-26D9-4955-8336-CFE7C0CECFE4} = {3E175BBE-BE0C-4A80-8EC3-7092CC469D3F}
		{9AAA38C4-7F53-4690-B278-1D56F97B6146} = {3E175BBE-BE0C-4A80-8EC3-7092CC469D3F}
		{29493D95-6577-426D-B47B-D88EC08AA42A} = {3E175BBE-BE0C-4A80-8EC3-7092CC469D3F}
		{43AE84F0-26C6-4F28-8E7B-B7FEA837E7FD} = {3E175BBE-BE0C-4A80-8EC3-7092CC469D3F}
	EndGlobalSection
	GlobalSection(ExtensibilityGlobals) = postSolution
		SolutionGuid = {7C589A51-44C4-4B4C-81C7-6D68918EDC7D}
	EndGlobalSection
EndGlobal
